
Microsoft Visual Studio Solution File, Format Version 12.00
# Visual Studio Version 17
VisualStudioVersion = 17.9.34728.123
MinimumVisualStudioVersion = 10.0.40219.1
Project("{9A19103F-16F7-4668-BE54-9A1E7A4F7556}") = "TradingEngineServer", "TradingEngineServer.csproj", "{ED2DD2C6-C12F-41E1-A85B-FE968CF423B1}"
EndProject
Project("{9A19103F-16F7-4668-BE54-9A1E7A4F7556}") = "LoggingCS", "..\LoggingCS\LoggingCS\LoggingCS.csproj", "{EAA4093D-3184-4993-BE71-957BB343F62C}"
EndProject
Project("{9A19103F-16F7-4668-BE54-9A1E7A4F7556}") = "InstrumentCS", "..\InstrumentCS\InstrumentCS.csproj", "{6DA474FF-0D2F-40CC-9ABB-2F45856EDB85}"
EndProject
Project("{9A19103F-16F7-4668-BE54-9A1E7A4F7556}") = "OrdersCS", "..\OrdersCS\OrdersCS.csproj", "{C123EA53-1EE3-4210-ACC8-40E587463D4A}"
EndProject
Project("{FAE04EC0-301F-11D3-BF4B-00C04F79EFBC}") = "OrderbookCS", "..\OrderbookCS\OrderbookCS.csproj", "{3962B547-A663-41D7-8AE2-B96766A09E9D}"
EndProject
Global
	GlobalSection(SolutionConfigurationPlatforms) = preSolution
		Debug|Any CPU = Debug|Any CPU
		Release|Any CPU = Release|Any CPU
	EndGlobalSection
	GlobalSection(ProjectConfigurationPlatforms) = postSolution
		{ED2DD2C6-C12F-41E1-A85B-FE968CF423B1}.Debug|Any CPU.ActiveCfg = Debug|Any CPU
		{ED2DD2C6-C12F-41E1-A85B-FE968CF423B1}.Debug|Any CPU.Build.0 = Debug|Any CPU
		{ED2DD2C6-C12F-41E1-A85B-FE968CF423B1}.Release|Any CPU.ActiveCfg = Release|Any CPU
		{ED2DD2C6-C12F-41E1-A85B-FE968CF423B1}.Release|Any CPU.Build.0 = Release|Any CPU
		{EAA4093D-3184-4993-BE71-957BB343F62C}.Debug|Any CPU.ActiveCfg = Debug|Any CPU
		{EAA4093D-3184-4993-BE71-957BB343F62C}.Debug|Any CPU.Build.0 = Debug|Any CPU
		{EAA4093D-3184-4993-BE71-957BB343F62C}.Release|Any CPU.ActiveCfg = Release|Any CPU
		{EAA4093D-3184-4993-BE71-957BB343F62C}.Release|Any CPU.Build.0 = Release|Any CPU
		{6DA474FF-0D2F-40CC-9ABB-2F45856EDB85}.Debug|Any CPU.ActiveCfg = Debug|Any CPU
		{6DA474FF-0D2F-40CC-9ABB-2F45856EDB85}.Debug|Any CPU.Build.0 = Debug|Any CPU
		{6DA474FF-0D2F-40CC-9ABB-2F45856EDB85}.Release|Any CPU.ActiveCfg = Release|Any CPU
		{6DA474FF-0D2F-40CC-9ABB-2F45856EDB85}.Release|Any CPU.Build.0 = Release|Any CPU
		{C123EA53-1EE3-4210-ACC8-40E587463D4A}.Debug|Any CPU.ActiveCfg = Debug|Any CPU
		{C123EA53-1EE3-4210-ACC8-40E587463D4A}.Debug|Any CPU.Build.0 = Debug|Any CPU
		{C123EA53-1EE3-4210-ACC8-40E587463D4A}.Release|Any CPU.ActiveCfg = Release|Any CPU
		{C123EA53-1EE3-4210-ACC8-40E587463D4A}.Release|Any CPU.Build.0 = Release|Any CPU
		{3962B547-A663-41D7-8AE2-B96766A09E9D}.Debug|Any CPU.ActiveCfg = Debug|Any CPU
		{3962B547-A663-41D7-8AE2-B96766A09E9D}.Debug|Any CPU.Build.0 = Debug|Any CPU
		{3962B547-A663-41D7-8AE2-B96766A09E9D}.Release|Any CPU.ActiveCfg = Release|Any CPU
		{3962B547-A663-41D7-8AE2-B96766A09E9D}.Release|Any CPU.Build.0 = Release|Any CPU
	EndGlobalSection
	GlobalSection(SolutionProperties) = preSolution
		HideSolutionNode = FALSE
	EndGlobalSection
	GlobalSection(ExtensibilityGlobals) = postSolution
		SolutionGuid = {A3F0A527-051C-43CC-B38F-80AC6A6C11F0}
	EndGlobalSection
EndGlobal
